// !$*UTF8*$!
{
	archiveVersion = 1;
	classes = {
	};
	objectVersion = 55;
	objects = {

/* Begin PBXBuildFile section */
		2A0443FD27985B8F0063C01E /* AppDelegate.swift in Sources */ = {isa = PBXBuildFile; fileRef = 2A0443FC27985B8F0063C01E /* AppDelegate.swift */; };
		2A0443FF27985B8F0063C01E /* SceneDelegate.swift in Sources */ = {isa = PBXBuildFile; fileRef = 2A0443FE27985B8F0063C01E /* SceneDelegate.swift */; };
		2A04440127985B8F0063C01E /* ViewController.swift in Sources */ = {isa = PBXBuildFile; fileRef = 2A04440027985B8F0063C01E /* ViewController.swift */; };
		2A04440427985B8F0063C01E /* Main.storyboard in Resources */ = {isa = PBXBuildFile; fileRef = 2A04440227985B8F0063C01E /* Main.storyboard */; };
		2A04440627985B910063C01E /* Assets.xcassets in Resources */ = {isa = PBXBuildFile; fileRef = 2A04440527985B910063C01E /* Assets.xcassets */; };
		2A04440927985B910063C01E /* LaunchScreen.storyboard in Resources */ = {isa = PBXBuildFile; fileRef = 2A04440727985B910063C01E /* LaunchScreen.storyboard */; };
		2A04441427985B920063C01E /* TestTests.swift in Sources */ = {isa = PBXBuildFile; fileRef = 2A04441327985B920063C01E /* TestTests.swift */; };
		2A04441E27985B920063C01E /* TestUITests.swift in Sources */ = {isa = PBXBuildFile; fileRef = 2A04441D27985B920063C01E /* TestUITests.swift */; };
		2A04442027985B920063C01E /* TestUITestsLaunchTests.swift in Sources */ = {isa = PBXBuildFile; fileRef = 2A04441F27985B920063C01E /* TestUITestsLaunchTests.swift */; };
		2A04442D27985BD00063C01E /* Meme.swift in Sources */ = {isa = PBXBuildFile; fileRef = 2A04442C27985BD00063C01E /* Meme.swift */; };
		2A04443027985BF40063C01E /* SentMemesCollectionViewCell.swift in Sources */ = {isa = PBXBuildFile; fileRef = 2A04442E27985BF40063C01E /* SentMemesCollectionViewCell.swift */; };
		2A04443127985BF40063C01E /* SentMemesCollectionViewController.swift in Sources */ = {isa = PBXBuildFile; fileRef = 2A04442F27985BF40063C01E /* SentMemesCollectionViewController.swift */; };
		2A04443327991BB80063C01E /* SentMemesTableViewController.swift in Sources */ = {isa = PBXBuildFile; fileRef = 2A04443227991BB80063C01E /* SentMemesTableViewController.swift */; };
		2A044437279AF6EF0063C01E /* MemeDetailViewController.swift in Sources */ = {isa = PBXBuildFile; fileRef = 2A044436279AF6EF0063C01E /* MemeDetailViewController.swift */; };
		2A044439279EE9A40063C01E /* MemeEditorViewController.swift in Sources */ = {isa = PBXBuildFile; fileRef = 2A044438279EE9A40063C01E /* MemeEditorViewController.swift */; };
/* End PBXBuildFile section */

/* Begin PBXContainerItemProxy section */
		2A04441027985B920063C01E /* PBXContainerItemProxy */ = {
			isa = PBXContainerItemProxy;
			containerPortal = 2A0443F127985B8F0063C01E /* Project object */;
			proxyType = 1;
			remoteGlobalIDString = 2A0443F827985B8F0063C01E;
			remoteInfo = Test;
		};
		2A04441A27985B920063C01E /* PBXContainerItemProxy */ = {
			isa = PBXContainerItemProxy;
			containerPortal = 2A0443F127985B8F0063C01E /* Project object */;
			proxyType = 1;
			remoteGlobalIDString = 2A0443F827985B8F0063C01E;
			remoteInfo = Test;
		};
/* End PBXContainerItemProxy section */

/* Begin PBXFileReference section */
		2A0443F927985B8F0063C01E /* Test.app */ = {isa = PBXFileReference; explicitFileType = wrapper.application; includeInIndex = 0; path = Test.app; sourceTree = BUILT_PRODUCTS_DIR; };
		2A0443FC27985B8F0063C01E /* AppDelegate.swift */ = {isa = PBXFileReference; lastKnownFileType = sourcecode.swift; path = AppDelegate.swift; sourceTree = "<group>"; };
		2A0443FE27985B8F0063C01E /* SceneDelegate.swift */ = {isa = PBXFileReference; lastKnownFileType = sourcecode.swift; path = SceneDelegate.swift; sourceTree = "<group>"; };
		2A04440027985B8F0063C01E /* ViewController.swift */ = {isa = PBXFileReference; lastKnownFileType = sourcecode.swift; path = ViewController.swift; sourceTree = "<group>"; };
		2A04440327985B8F0063C01E /* Base */ = {isa = PBXFileReference; lastKnownFileType = file.storyboard; name = Base; path = Base.lproj/Main.storyboard; sourceTree = "<group>"; };
		2A04440527985B910063C01E /* Assets.xcassets */ = {isa = PBXFileReference; lastKnownFileType = folder.assetcatalog; path = Assets.xcassets; sourceTree = "<group>"; };
		2A04440827985B910063C01E /* Base */ = {isa = PBXFileReference; lastKnownFileType = file.storyboard; name = Base; path = Base.lproj/LaunchScreen.storyboard; sourceTree = "<group>"; };
		2A04440A27985B910063C01E /* Info.plist */ = {isa = PBXFileReference; lastKnownFileType = text.plist.xml; path = Info.plist; sourceTree = "<group>"; };
		2A04440F27985B920063C01E /* TestTests.xctest */ = {isa = PBXFileReference; explicitFileType = wrapper.cfbundle; includeInIndex = 0; path = TestTests.xctest; sourceTree = BUILT_PRODUCTS_DIR; };
		2A04441327985B920063C01E /* TestTests.swift */ = {isa = PBXFileReference; lastKnownFileType = sourcecode.swift; path = TestTests.swift; sourceTree = "<group>"; };
		2A04441927985B920063C01E /* TestUITests.xctest */ = {isa = PBXFileReference; explicitFileType = wrapper.cfbundle; includeInIndex = 0; path = TestUITests.xctest; sourceTree = BUILT_PRODUCTS_DIR; };
		2A04441D27985B920063C01E /* TestUITests.swift */ = {isa = PBXFileReference; lastKnownFileType = sourcecode.swift; path = TestUITests.swift; sourceTree = "<group>"; };
		2A04441F27985B920063C01E /* TestUITestsLaunchTests.swift */ = {isa = PBXFileReference; lastKnownFileType = sourcecode.swift; path = TestUITestsLaunchTests.swift; sourceTree = "<group>"; };
		2A04442C27985BD00063C01E /* Meme.swift */ = {isa = PBXFileReference; fileEncoding = 4; lastKnownFileType = sourcecode.swift; path = Meme.swift; sourceTree = "<group>"; };
		2A04442E27985BF40063C01E /* SentMemesCollectionViewCell.swift */ = {isa = PBXFileReference; fileEncoding = 4; lastKnownFileType = sourcecode.swift; path = SentMemesCollectionViewCell.swift; sourceTree = "<group>"; };
		2A04442F27985BF40063C01E /* SentMemesCollectionViewController.swift */ = {isa = PBXFileReference; fileEncoding = 4; lastKnownFileType = sourcecode.swift; path = SentMemesCollectionViewController.swift; sourceTree = "<group>"; };
		2A04443227991BB80063C01E /* SentMemesTableViewController.swift */ = {isa = PBXFileReference; lastKnownFileType = sourcecode.swift; path = SentMemesTableViewController.swift; sourceTree = "<group>"; };
		2A044436279AF6EF0063C01E /* MemeDetailViewController.swift */ = {isa = PBXFileReference; lastKnownFileType = sourcecode.swift; path = MemeDetailViewController.swift; sourceTree = "<group>"; };
		2A044438279EE9A40063C01E /* MemeEditorViewController.swift */ = {isa = PBXFileReference; lastKnownFileType = sourcecode.swift; path = MemeEditorViewController.swift; sourceTree = "<group>"; };
/* End PBXFileReference section */

/* Begin PBXFrameworksBuildPhase section */
		2A0443F627985B8F0063C01E /* Frameworks */ = {
			isa = PBXFrameworksBuildPhase;
			buildActionMask = 2147483647;
			files = (
			);
			runOnlyForDeploymentPostprocessing = 0;
		};
		2A04440C27985B920063C01E /* Frameworks */ = {
			isa = PBXFrameworksBuildPhase;
			buildActionMask = 2147483647;
			files = (
			);
			runOnlyForDeploymentPostprocessing = 0;
		};
		2A04441627985B920063C01E /* Frameworks */ = {
			isa = PBXFrameworksBuildPhase;
			buildActionMask = 2147483647;
			files = (
			);
			runOnlyForDeploymentPostprocessing = 0;
		};
/* End PBXFrameworksBuildPhase section */

/* Begin PBXGroup section */
		2A0443F027985B8F0063C01E = {
			isa = PBXGroup;
			children = (
				2A0443FB27985B8F0063C01E /* Test */,
				2A04441227985B920063C01E /* TestTests */,
				2A04441C27985B920063C01E /* TestUITests */,
				2A0443FA27985B8F0063C01E /* Products */,
			);
			sourceTree = "<group>";
		};
		2A0443FA27985B8F0063C01E /* Products */ = {
			isa = PBXGroup;
			children = (
				2A0443F927985B8F0063C01E /* Test.app */,
				2A04440F27985B920063C01E /* TestTests.xctest */,
				2A04441927985B920063C01E /* TestUITests.xctest */,
			);
			name = Products;
			sourceTree = "<group>";
		};
		2A0443FB27985B8F0063C01E /* Test */ = {
			isa = PBXGroup;
			children = (
				2A0443FC27985B8F0063C01E /* AppDelegate.swift */,
				2A0443FE27985B8F0063C01E /* SceneDelegate.swift */,
				2A04440027985B8F0063C01E /* ViewController.swift */,
				2A04442C27985BD00063C01E /* Meme.swift */,
				2A04442F27985BF40063C01E /* SentMemesCollectionViewController.swift */,
				2A04442E27985BF40063C01E /* SentMemesCollectionViewCell.swift */,
				2A04443227991BB80063C01E /* SentMemesTableViewController.swift */,
				2A044436279AF6EF0063C01E /* MemeDetailViewController.swift */,
				2A044438279EE9A40063C01E /* MemeEditorViewController.swift */,
				2A04440227985B8F0063C01E /* Main.storyboard */,
				2A04440527985B910063C01E /* Assets.xcassets */,
				2A04440727985B910063C01E /* LaunchScreen.storyboard */,
				2A04440A27985B910063C01E /* Info.plist */,
			);
			path = Test;
			sourceTree = "<group>";
		};
		2A04441227985B920063C01E /* TestTests */ = {
			isa = PBXGroup;
			children = (
				2A04441327985B920063C01E /* TestTests.swift */,
			);
			path = TestTests;
			sourceTree = "<group>";
		};
		2A04441C27985B920063C01E /* TestUITests */ = {
			isa = PBXGroup;
			children = (
				2A04441D27985B920063C01E /* TestUITests.swift */,
				2A04441F27985B920063C01E /* TestUITestsLaunchTests.swift */,
			);
			path = TestUITests;
			sourceTree = "<group>";
		};
/* End PBXGroup section */

/* Begin PBXNativeTarget section */
		2A0443F827985B8F0063C01E /* Test */ = {
			isa = PBXNativeTarget;
			buildConfigurationList = 2A04442327985B920063C01E /* Build configuration list for PBXNativeTarget "Test" */;
			buildPhases = (
				2A0443F527985B8F0063C01E /* Sources */,
				2A0443F627985B8F0063C01E /* Frameworks */,
				2A0443F727985B8F0063C01E /* Resources */,
			);
			buildRules = (
			);
			dependencies = (
			);
			name = Test;
			productName = Test;
			productReference = 2A0443F927985B8F0063C01E /* Test.app */;
			productType = "com.apple.product-type.application";
		};
		2A04440E27985B920063C01E /* TestTests */ = {
			isa = PBXNativeTarget;
			buildConfigurationList = 2A04442627985B920063C01E /* Build configuration list for PBXNativeTarget "TestTests" */;
			buildPhases = (
				2A04440B27985B920063C01E /* Sources */,
				2A04440C27985B920063C01E /* Frameworks */,
				2A04440D27985B920063C01E /* Resources */,
			);
			buildRules = (
			);
			dependencies = (
				2A04441127985B920063C01E /* PBXTargetDependency */,
			);
			name = TestTests;
			productName = TestTests;
			productReference = 2A04440F27985B920063C01E /* TestTests.xctest */;
			productType = "com.apple.product-type.bundle.unit-test";
		};
		2A04441827985B920063C01E /* TestUITests */ = {
			isa = PBXNativeTarget;
			buildConfigurationList = 2A04442927985B920063C01E /* Build configuration list for PBXNativeTarget "TestUITests" */;
			buildPhases = (
				2A04441527985B920063C01E /* Sources */,
				2A04441627985B920063C01E /* Frameworks */,
				2A04441727985B920063C01E /* Resources */,
			);
			buildRules = (
			);
			dependencies = (
				2A04441B27985B920063C01E /* PBXTargetDependency */,
			);
			name = TestUITests;
			productName = TestUITests;
			productReference = 2A04441927985B920063C01E /* TestUITests.xctest */;
			productType = "com.apple.product-type.bundle.ui-testing";
		};
/* End PBXNativeTarget section */

/* Begin PBXProject section */
		2A0443F127985B8F0063C01E /* Project object */ = {
			isa = PBXProject;
			attributes = {
				BuildIndependentTargetsInParallel = 1;
				LastSwiftUpdateCheck = 1320;
				LastUpgradeCheck = 1320;
				TargetAttributes = {
					2A0443F827985B8F0063C01E = {
						CreatedOnToolsVersion = 13.2.1;
					};
					2A04440E27985B920063C01E = {
						CreatedOnToolsVersion = 13.2.1;
						TestTargetID = 2A0443F827985B8F0063C01E;
					};
					2A04441827985B920063C01E = {
						CreatedOnToolsVersion = 13.2.1;
						TestTargetID = 2A0443F827985B8F0063C01E;
					};
				};
			};
			buildConfigurationList = 2A0443F427985B8F0063C01E /* Build configuration list for PBXProject "Test" */;
			compatibilityVersion = "Xcode 13.0";
			developmentRegion = en;
			hasScannedForEncodings = 0;
			knownRegions = (
				en,
				Base,
			);
			mainGroup = 2A0443F027985B8F0063C01E;
			productRefGroup = 2A0443FA27985B8F0063C01E /* Products */;
			projectDirPath = "";
			projectRoot = "";
			targets = (
				2A0443F827985B8F0063C01E /* Test */,
				2A04440E27985B920063C01E /* TestTests */,
				2A04441827985B920063C01E /* TestUITests */,
			);
		};
/* End PBXProject section */

/* Begin PBXResourcesBuildPhase section */
		2A0443F727985B8F0063C01E /* Resources */ = {
			isa = PBXResourcesBuildPhase;
			buildActionMask = 2147483647;
			files = (
				2A04440927985B910063C01E /* LaunchScreen.storyboard in Resources */,
				2A04440627985B910063C01E /* Assets.xcassets in Resources */,
				2A04440427985B8F0063C01E /* Main.storyboard in Resources */,
			);
			runOnlyForDeploymentPostprocessing = 0;
		};
		2A04440D27985B920063C01E /* Resources */ = {
			isa = PBXResourcesBuildPhase;
			buildActionMask = 2147483647;
			files = (
			);
			runOnlyForDeploymentPostprocessing = 0;
		};
		2A04441727985B920063C01E /* Resources */ = {
			isa = PBXResourcesBuildPhase;
			buildActionMask = 2147483647;
			files = (
			);
			runOnlyForDeploymentPostprocessing = 0;
		};
/* End PBXResourcesBuildPhase section */

/* Begin PBXSourcesBuildPhase section */
		2A0443F527985B8F0063C01E /* Sources */ = {
			isa = PBXSourcesBuildPhase;
			buildActionMask = 2147483647;
			files = (
				2A04443027985BF40063C01E /* SentMemesCollectionViewCell.swift in Sources */,
				2A04443327991BB80063C01E /* SentMemesTableViewController.swift in Sources */,
				2A04440127985B8F0063C01E /* ViewController.swift in Sources */,
				2A04443127985BF40063C01E /* SentMemesCollectionViewController.swift in Sources */,
				2A04442D27985BD00063C01E /* Meme.swift in Sources */,
				2A044439279EE9A40063C01E /* MemeEditorViewController.swift in Sources */,
				2A0443FD27985B8F0063C01E /* AppDelegate.swift in Sources */,
				2A0443FF27985B8F0063C01E /* SceneDelegate.swift in Sources */,
				2A044437279AF6EF0063C01E /* MemeDetailViewController.swift in Sources */,
			);
			runOnlyForDeploymentPostprocessing = 0;
		};
		2A04440B27985B920063C01E /* Sources */ = {
			isa = PBXSourcesBuildPhase;
			buildActionMask = 2147483647;
			files = (
				2A04441427985B920063C01E /* TestTests.swift in Sources */,
			);
			runOnlyForDeploymentPostprocessing = 0;
		};
		2A04441527985B920063C01E /* Sources */ = {
			isa = PBXSourcesBuildPhase;
			buildActionMask = 2147483647;
			files = (
				2A04442027985B920063C01E /* TestUITestsLaunchTests.swift in Sources */,
				2A04441E27985B920063C01E /* TestUITests.swift in Sources */,
			);
			runOnlyForDeploymentPostprocessing = 0;
		};
/* End PBXSourcesBuildPhase section */

/* Begin PBXTargetDependency section */
		2A04441127985B920063C01E /* PBXTargetDependency */ = {
			isa = PBXTargetDependency;
			target = 2A0443F827985B8F0063C01E /* Test */;
			targetProxy = 2A04441027985B920063C01E /* PBXContainerItemProxy */;
		};
		2A04441B27985B920063C01E /* PBXTargetDependency */ = {
			isa = PBXTargetDependency;
			target = 2A0443F827985B8F0063C01E /* Test */;
			targetProxy = 2A04441A27985B920063C01E /* PBXContainerItemProxy */;
		};
/* End PBXTargetDependency section */

/* Begin PBXVariantGroup section */
		2A04440227985B8F0063C01E /* Main.storyboard */ = {
			isa = PBXVariantGroup;
			children = (
				2A04440327985B8F0063C01E /* Base */,
			);
			name = Main.storyboard;
			sourceTree = "<group>";
		};
		2A04440727985B910063C01E /* LaunchScreen.storyboard */ = {
			isa = PBXVariantGroup;
			children = (
				2A04440827985B910063C01E /* Base */,
			);
			name = LaunchScreen.storyboard;
			sourceTree = "<group>";
		};
/* End PBXVariantGroup section */

/* Begin XCBuildConfiguration section */
		2A04442127985B920063C01E /* Debug */ = {
			isa = XCBuildConfiguration;
			buildSettings = {
				ALWAYS_SEARCH_USER_PATHS = NO;
				CLANG_ANALYZER_NONNULL = YES;
				CLANG_ANALYZER_NUMBER_OBJECT_CONVERSION = YES_AGGRESSIVE;
				CLANG_CXX_LANGUAGE_STANDARD = "gnu++17";
				CLANG_CXX_LIBRARY = "libc++";
				CLANG_ENABLE_MODULES = YES;
				CLANG_ENABLE_OBJC_ARC = YES;
				CLANG_ENABLE_OBJC_WEAK = YES;
				CLANG_WARN_BLOCK_CAPTURE_AUTORELEASING = YES;
				CLANG_WARN_BOOL_CONVERSION = YES;
				CLANG_WARN_COMMA = YES;
				CLANG_WARN_CONSTANT_CONVERSION = YES;
				CLANG_WARN_DEPRECATED_OBJC_IMPLEMENTATIONS = YES;
				CLANG_WARN_DIRECT_OBJC_ISA_USAGE = YES_ERROR;
				CLANG_WARN_DOCUMENTATION_COMMENTS = YES;
				CLANG_WARN_EMPTY_BODY = YES;
				CLANG_WARN_ENUM_CONVERSION = YES;
				CLANG_WARN_INFINITE_RECURSION = YES;
				CLANG_WARN_INT_CONVERSION = YES;
				CLANG_WARN_NON_LITERAL_NULL_CONVERSION = YES;
				CLANG_WARN_OBJC_IMPLICIT_RETAIN_SELF = YES;
				CLANG_WARN_OBJC_LITERAL_CONVERSION = YES;
				CLANG_WARN_OBJC_ROOT_CLASS = YES_ERROR;
				CLANG_WARN_QUOTED_INCLUDE_IN_FRAMEWORK_HEADER = YES;
				CLANG_WARN_RANGE_LOOP_ANALYSIS = YES;
				CLANG_WARN_STRICT_PROTOTYPES = YES;
				CLANG_WARN_SUSPICIOUS_MOVE = YES;
				CLANG_WARN_UNGUARDED_AVAILABILITY = YES_AGGRESSIVE;
				CLANG_WARN_UNREACHABLE_CODE = YES;
				CLANG_WARN__DUPLICATE_METHOD_MATCH = YES;
				COPY_PHASE_STRIP = NO;
				DEBUG_INFORMATION_FORMAT = dwarf;
				ENABLE_STRICT_OBJC_MSGSEND = YES;
				ENABLE_TESTABILITY = YES;
				GCC_C_LANGUAGE_STANDARD = gnu11;
				GCC_DYNAMIC_NO_PIC = NO;
				GCC_NO_COMMON_BLOCKS = YES;
				GCC_OPTIMIZATION_LEVEL = 0;
				GCC_PREPROCESSOR_DEFINITIONS = (
					"DEBUG=1",
					"$(inherited)",
				);
				GCC_WARN_64_TO_32_BIT_CONVERSION = YES;
				GCC_WARN_ABOUT_RETURN_TYPE = YES_ERROR;
				GCC_WARN_UNDECLARED_SELECTOR = YES;
				GCC_WARN_UNINITIALIZED_AUTOS = YES_AGGRESSIVE;
				GCC_WARN_UNUSED_FUNCTION = YES;
				GCC_WARN_UNUSED_VARIABLE = YES;
				IPHONEOS_DEPLOYMENT_TARGET = 15.2;
				MTL_ENABLE_DEBUG_INFO = INCLUDE_SOURCE;
				MTL_FAST_MATH = YES;
				ONLY_ACTIVE_ARCH = YES;
				SDKROOT = iphoneos;
				SWIFT_ACTIVE_COMPILATION_CONDITIONS = DEBUG;
				SWIFT_OPTIMIZATION_LEVEL = "-Onone";
			};
			name = Debug;
		};
		2A04442227985B920063C01E /* Release */ = {
			isa = XCBuildConfiguration;
			buildSettings = {
				ALWAYS_SEARCH_USER_PATHS = NO;
				CLANG_ANALYZER_NONNULL = YES;
				CLANG_ANALYZER_NUMBER_OBJECT_CONVERSION = YES_AGGRESSIVE;
				CLANG_CXX_LANGUAGE_STANDARD = "gnu++17";
				CLANG_CXX_LIBRARY = "libc++";
				CLANG_ENABLE_MODULES = YES;
				CLANG_ENABLE_OBJC_ARC = YES;
				CLANG_ENABLE_OBJC_WEAK = YES;
				CLANG_WARN_BLOCK_CAPTURE_AUTORELEASING = YES;
				CLANG_WARN_BOOL_CONVERSION = YES;
				CLANG_WARN_COMMA = YES;
				CLANG_WARN_CONSTANT_CONVERSION = YES;
				CLANG_WARN_DEPRECATED_OBJC_IMPLEMENTATIONS = YES;
				CLANG_WARN_DIRECT_OBJC_ISA_USAGE = YES_ERROR;
				CLANG_WARN_DOCUMENTATION_COMMENTS = YES;
				CLANG_WARN_EMPTY_BODY = YES;
				CLANG_WARN_ENUM_CONVERSION = YES;
				CLANG_WARN_INFINITE_RECURSION = YES;
				CLANG_WARN_INT_CONVERSION = YES;
				CLANG_WARN_NON_LITERAL_NULL_CONVERSION = YES;
				CLANG_WARN_OBJC_IMPLICIT_RETAIN_SELF = YES;
				CLANG_WARN_OBJC_LITERAL_CONVERSION = YES;
				CLANG_WARN_OBJC_ROOT_CLASS = YES_ERROR;
				CLANG_WARN_QUOTED_INCLUDE_IN_FRAMEWORK_HEADER = YES;
				CLANG_WARN_RANGE_LOOP_ANALYSIS = YES;
				CLANG_WARN_STRICT_PROTOTYPES = YES;
				CLANG_WARN_SUSPICIOUS_MOVE = YES;
				CLANG_WARN_UNGUARDED_AVAILABILITY = YES_AGGRESSIVE;
				CLANG_WARN_UNREACHABLE_CODE = YES;
				CLANG_WARN__DUPLICATE_METHOD_MATCH = YES;
				COPY_PHASE_STRIP = NO;
				DEBUG_INFORMATION_FORMAT = "dwarf-with-dsym";
				ENABLE_NS_ASSERTIONS = NO;
				ENABLE_STRICT_OBJC_MSGSEND = YES;
				GCC_C_LANGUAGE_STANDARD = gnu11;
				GCC_NO_COMMON_BLOCKS = YES;
				GCC_WARN_64_TO_32_BIT_CONVERSION = YES;
				GCC_WARN_ABOUT_RETURN_TYPE = YES_ERROR;
				GCC_WARN_UNDECLARED_SELECTOR = YES;
				GCC_WARN_UNINITIALIZED_AUTOS = YES_AGGRESSIVE;
				GCC_WARN_UNUSED_FUNCTION = YES;
				GCC_WARN_UNUSED_VARIABLE = YES;
				IPHONEOS_DEPLOYMENT_TARGET = 15.2;
				MTL_ENABLE_DEBUG_INFO = NO;
				MTL_FAST_MATH = YES;
				SDKROOT = iphoneos;
				SWIFT_COMPILATION_MODE = wholemodule;
				SWIFT_OPTIMIZATION_LEVEL = "-O";
				VALIDATE_PRODUCT = YES;
			};
			name = Release;
		};
		2A04442427985B920063C01E /* Debug */ = {
			isa = XCBuildConfiguration;
			buildSettings = {
				ASSETCATALOG_COMPILER_APPICON_NAME = AppIcon;
				ASSETCATALOG_COMPILER_GLOBAL_ACCENT_COLOR_NAME = AccentColor;
				CODE_SIGN_STYLE = Automatic;
				CURRENT_PROJECT_VERSION = 1;
				DEVELOPMENT_TEAM = 3ZD8J5W6MM;
				GENERATE_INFOPLIST_FILE = YES;
				INFOPLIST_FILE = Test/Info.plist;
				INFOPLIST_KEY_UIApplicationSupportsIndirectInputEvents = YES;
				INFOPLIST_KEY_UILaunchStoryboardName = LaunchScreen;
				INFOPLIST_KEY_UIMainStoryboardFile = Main;
				INFOPLIST_KEY_UISupportedInterfaceOrientations_iPad = "UIInterfaceOrientationPortrait UIInterfaceOrientationPortraitUpsideDown UIInterfaceOrientationLandscapeLeft UIInterfaceOrientationLandscapeRight";
				INFOPLIST_KEY_UISupportedInterfaceOrientations_iPhone = "UIInterfaceOrientationPortrait UIInterfaceOrientationLandscapeLeft UIInterfaceOrientationLandscapeRight";
				IPHONEOS_DEPLOYMENT_TARGET = 15.0;
				LD_RUNPATH_SEARCH_PATHS = (
					"$(inherited)",
					"@executable_path/Frameworks",
				);
				MARKETING_VERSION = 1.0;
				PRODUCT_BUNDLE_IDENTIFIER = YZstudio.Test;
				PRODUCT_NAME = "$(TARGET_NAME)";
				SWIFT_EMIT_LOC_STRINGS = YES;
				SWIFT_VERSION = 5.0;
				TARGETED_DEVICE_FAMILY = "1,2";
			};
			name = Debug;
		};
		2A04442527985B920063C01E /* Release */ = {
			isa = XCBuildConfiguration;
			buildSettings = {
				ASSETCATALOG_COMPILER_APPICON_NAME = AppIcon;
				ASSETCATALOG_COMPILER_GLOBAL_ACCENT_COLOR_NAME = AccentColor;
				CODE_SIGN_STYLE = Automatic;
				CURRENT_PROJECT_VERSION = 1;
				DEVELOPMENT_TEAM = 3ZD8J5W6MM;
				GENERATE_INFOPLIST_FILE = YES;
				INFOPLIST_FILE = Test/Info.plist;
				INFOPLIST_KEY_UIApplicationSupportsIndirectInputEvents = YES;
				INFOPLIST_KEY_UILaunchStoryboardName = LaunchScreen;
				INFOPLIST_KEY_UIMainStoryboardFile = Main;
				INFOPLIST_KEY_UISupportedInterfaceOrientations_iPad = "UIInterfaceOrientationPortrait UIInterfaceOrientationPortraitUpsideDown UIInterfaceOrientationLandscapeLeft UIInterfaceOrientationLandscapeRight";
				INFOPLIST_KEY_UISupportedInterfaceOrientations_iPhone = "UIInterfaceOrientationPortrait UIInterfaceOrientationLandscapeLeft UIInterfaceOrientationLandscapeRight";
				IPHONEOS_DEPLOYMENT_TARGET = 15.0;
				LD_RUNPATH_SEARCH_PATHS = (
					"$(inherited)",
					"@executable_path/Frameworks",
				);
				MARKETING_VERSION = 1.0;
				PRODUCT_BUNDLE_IDENTIFIER = YZstudio.Test;
				PRODUCT_NAME = "$(TARGET_NAME)";
				SWIFT_EMIT_LOC_STRINGS = YES;
				SWIFT_VERSION = 5.0;
				TARGETED_DEVICE_FAMILY = "1,2";
			};
			name = Release;
		};
		2A04442727985B920063C01E /* Debug */ = {
			isa = XCBuildConfiguration;
			buildSettings = {
				ALWAYS_EMBED_SWIFT_STANDARD_LIBRARIES = YES;
				BUNDLE_LOADER = "$(TEST_HOST)";
				CODE_SIGN_STYLE = Automatic;
				CURRENT_PROJECT_VERSION = 1;
				DEVELOPMENT_TEAM = 3ZD8J5W6MM;
				GENERATE_INFOPLIST_FILE = YES;
				IPHONEOS_DEPLOYMENT_TARGET = 15.2;
				MARKETING_VERSION = 1.0;
				PRODUCT_BUNDLE_IDENTIFIER = YZstudio.TestTests;
				PRODUCT_NAME = "$(TARGET_NAME)";
				SWIFT_EMIT_LOC_STRINGS = NO;
				SWIFT_VERSION = 5.0;
				TARGETED_DEVICE_FAMILY = "1,2";
				TEST_HOST = "$(BUILT_PRODUCTS_DIR)/Test.app/Test";
			};
			name = Debug;
		};
		2A04442827985B920063C01E /* Release */ = {
			isa = XCBuildConfiguration;
			buildSettings = {
				ALWAYS_EMBED_SWIFT_STANDARD_LIBRARIES = YES;
				BUNDLE_LOADER = "$(TEST_HOST)";
				CODE_SIGN_STYLE = Automatic;
				CURRENT_PROJECT_VERSION = 1;
				DEVELOPMENT_TEAM = 3ZD8J5W6MM;
				GENERATE_INFOPLIST_FILE = YES;
				IPHONEOS_DEPLOYMENT_TARGET = 15.2;
				MARKETING_VERSION = 1.0;
				PRODUCT_BUNDLE_IDENTIFIER = YZstudio.TestTests;
				PRODUCT_NAME = "$(TARGET_NAME)";
				SWIFT_EMIT_LOC_STRINGS = NO;
				SWIFT_VERSION = 5.0;
				TARGETED_DEVICE_FAMILY = "1,2";
				TEST_HOST = "$(BUILT_PRODUCTS_DIR)/Test.app/Test";
			};
			name = Release;
		};
		2A04442A27985B920063C01E /* Debug */ = {
			isa = XCBuildConfiguration;
			buildSettings = {
				ALWAYS_EMBED_SWIFT_STANDARD_LIBRARIES = YES;
				CODE_SIGN_STYLE = Automatic;
				CURRENT_PROJECT_VERSION = 1;
				DEVELOPMENT_TEAM = 3ZD8J5W6MM;
				GENERATE_INFOPLIST_FILE = YES;
				MARKETING_VERSION = 1.0;
				PRODUCT_BUNDLE_IDENTIFIER = YZstudio.TestUITests;
				PRODUCT_NAME = "$(TARGET_NAME)";
				SWIFT_EMIT_LOC_STRINGS = NO;
				SWIFT_VERSION = 5.0;
				TARGETED_DEVICE_FAMILY = "1,2";
				TEST_TARGET_NAME = Test;
			};
			name = Debug;
		};
		2A04442B27985B920063C01E /* Release */ = {
			isa = XCBuildConfiguration;
			buildSettings = {
				ALWAYS_EMBED_SWIFT_STANDARD_LIBRARIES = YES;
				CODE_SIGN_STYLE = Automatic;
				CURRENT_PROJECT_VERSION = 1;
				DEVELOPMENT_TEAM = 3ZD8J5W6MM;
				GENERATE_INFOPLIST_FILE = YES;
				MARKETING_VERSION = 1.0;
				PRODUCT_BUNDLE_IDENTIFIER = YZstudio.TestUITests;
				PRODUCT_NAME = "$(TARGET_NAME)";
				SWIFT_EMIT_LOC_STRINGS = NO;
				SWIFT_VERSION = 5.0;
				TARGETED_DEVICE_FAMILY = "1,2";
				TEST_TARGET_NAME = Test;
			};
			name = Release;
		};
/* End XCBuildConfiguration section */

/* Begin XCConfigurationList section */
		2A0443F427985B8F0063C01E /* Build configuration list for PBXProject "Test" */ = {
			isa = XCConfigurationList;
			buildConfigurations = (
				2A04442127985B920063C01E /* Debug */,
				2A04442227985B920063C01E /* Release */,
			);
			defaultConfigurationIsVisible = 0;
			defaultConfigurationName = Release;
		};
		2A04442327985B920063C01E /* Build configuration list for PBXNativeTarget "Test" */ = {
			isa = XCConfigurationList;
			buildConfigurations = (
				2A04442427985B920063C01E /* Debug */,
				2A04442527985B920063C01E /* Release */,
			);
			defaultConfigurationIsVisible = 0;
			defaultConfigurationName = Release;
		};
		2A04442627985B920063C01E /* Build configuration list for PBXNativeTarget "TestTests" */ = {
			isa = XCConfigurationList;
			buildConfigurations = (
				2A04442727985B920063C01E /* Debug */,
				2A04442827985B920063C01E /* Release */,
			);
			defaultConfigurationIsVisible = 0;
			defaultConfigurationName = Release;
		};
		2A04442927985B920063C01E /* Build configuration list for PBXNativeTarget "TestUITests" */ = {
			isa = XCConfigurationList;
			buildConfigurations = (
				2A04442A27985B920063C01E /* Debug */,
				2A04442B27985B920063C01E /* Release */,
			);
			defaultConfigurationIsVisible = 0;
			defaultConfigurationName = Release;
		};
/* End XCConfigurationList section */
	};
	rootObject = 2A0443F127985B8F0063C01E /* Project object */;
}
